
Microsoft Visual Studio Solution File, Format Version 12.00
# Visual Studio 15
VisualStudioVersion = 15.0.27004.2005
MinimumVisualStudioVersion = 10.0.40219.1
Project("{FAE04EC0-301F-11D3-BF4B-00C04F79EFBC}") = "Dir", "Dir\Dir.csproj", "{08231E78-1E23-4F2E-9E00-695CB14E2027}"
EndProject
Global
	GlobalSection(SolutionConfigurationPlatforms) = preSolution
		Debug|Any CPU = Debug|Any CPU
		Release|Any CPU = Release|Any CPU
	EndGlobalSection
	GlobalSection(ProjectConfigurationPlatforms) = postSolution
		{08231E78-1E23-4F2E-9E00-695CB14E2027}.Debug|Any CPU.ActiveCfg = Debug|Any CPU
		{08231E78-1E23-4F2E-9E00-695CB14E2027}.Debug|Any CPU.Build.0 = Debug|Any CPU
		{08231E78-1E23-4F2E-9E00-695CB14E2027}.Release|Any CPU.ActiveCfg = Release|Any CPU
		{08231E78-1E23-4F2E-9E00-695CB14E2027}.Release|Any CPU.Build.0 = Release|Any CPU
	EndGlobalSection
	GlobalSection(SolutionProperties) = preSolution
		HideSolutionNode = FALSE
	EndGlobalSection
	GlobalSection(ExtensibilityGlobals) = postSolution
		SolutionGuid = {671D09B4-D87E-4400-8FBC-34DD76649031}
	EndGlobalSection
EndGlobal
